
Microsoft Visual Studio Solution File, Format Version 12.00
# Visual Studio 2017
Project("{FAE04EC0-301F-11D3-BF4B-00C04F79EFBC}") = "Cad_Model_Target.2.2", "Cad_Model_Target.2.2.csproj", "{FDF941D8-41DA-F72A-4DA6-40886906279E}"
EndProject
Project("{FAE04EC0-301F-11D3-BF4B-00C04F79EFBC}") = "Cad_Model_Target.2.2.Editor", "Cad_Model_Target.2.2.Editor.csproj", "{BEC85D9E-9581-11D8-9A49-A3A2CAF47DDE}"
EndProject
Global
	GlobalSection(SolutionConfigurationPlatforms) = preSolution
		Debug|Any CPU = Debug|Any CPU
		Release|Any CPU = Release|Any CPU
	EndGlobalSection
	GlobalSection(ProjectConfigurationPlatforms) = postSolution
		{FDF941D8-41DA-F72A-4DA6-40886906279E}.Debug|Any CPU.ActiveCfg = Debug|Any CPU
		{FDF941D8-41DA-F72A-4DA6-40886906279E}.Debug|Any CPU.Build.0 = Debug|Any CPU
		{FDF941D8-41DA-F72A-4DA6-40886906279E}.Release|Any CPU.ActiveCfg = Release|Any CPU
		{FDF941D8-41DA-F72A-4DA6-40886906279E}.Release|Any CPU.Build.0 = Release|Any CPU
		{BEC85D9E-9581-11D8-9A49-A3A2CAF47DDE}.Debug|Any CPU.ActiveCfg = Debug|Any CPU
		{BEC85D9E-9581-11D8-9A49-A3A2CAF47DDE}.Debug|Any CPU.Build.0 = Debug|Any CPU
		{BEC85D9E-9581-11D8-9A49-A3A2CAF47DDE}.Release|Any CPU.ActiveCfg = Release|Any CPU
		{BEC85D9E-9581-11D8-9A49-A3A2CAF47DDE}.Release|Any CPU.Build.0 = Release|Any CPU
	EndGlobalSection
	GlobalSection(SolutionProperties) = preSolution
		HideSolutionNode = FALSE
	EndGlobalSection
EndGlobal
