
Microsoft Visual Studio Solution File, Format Version 12.00
# Visual Studio 2017
Project("{FAE04EC0-301F-11D3-BF4B-00C04F79EFBC}") = "Cad_Model_Target", "Cad_Model_Target.csproj", "{5F7E7479-10AA-9C36-AFC1-939A6E237A9E}"
EndProject
Project("{FAE04EC0-301F-11D3-BF4B-00C04F79EFBC}") = "Cad_Model_Target.Editor", "Cad_Model_Target.Editor.csproj", "{E60D37C4-BADB-CABA-3CA5-BCC8A1B5F2E5}"
EndProject
Global
	GlobalSection(SolutionConfigurationPlatforms) = preSolution
		Debug|Any CPU = Debug|Any CPU
		Release|Any CPU = Release|Any CPU
	EndGlobalSection
	GlobalSection(ProjectConfigurationPlatforms) = postSolution
		{5F7E7479-10AA-9C36-AFC1-939A6E237A9E}.Debug|Any CPU.ActiveCfg = Debug|Any CPU
		{5F7E7479-10AA-9C36-AFC1-939A6E237A9E}.Debug|Any CPU.Build.0 = Debug|Any CPU
		{5F7E7479-10AA-9C36-AFC1-939A6E237A9E}.Release|Any CPU.ActiveCfg = Release|Any CPU
		{5F7E7479-10AA-9C36-AFC1-939A6E237A9E}.Release|Any CPU.Build.0 = Release|Any CPU
		{E60D37C4-BADB-CABA-3CA5-BCC8A1B5F2E5}.Debug|Any CPU.ActiveCfg = Debug|Any CPU
		{E60D37C4-BADB-CABA-3CA5-BCC8A1B5F2E5}.Debug|Any CPU.Build.0 = Debug|Any CPU
		{E60D37C4-BADB-CABA-3CA5-BCC8A1B5F2E5}.Release|Any CPU.ActiveCfg = Release|Any CPU
		{E60D37C4-BADB-CABA-3CA5-BCC8A1B5F2E5}.Release|Any CPU.Build.0 = Release|Any CPU
	EndGlobalSection
	GlobalSection(SolutionProperties) = preSolution
		HideSolutionNode = FALSE
	EndGlobalSection
EndGlobal
